
Microsoft Visual Studio Solution File, Format Version 12.00
# Visual Studio 2015
Project("{FAE04EC0-301F-11D3-BF4B-00C04F79EFBC}") = "ProjectStrapOnDemo.CSharp", "ProjectStrapOnDemo.CSharp.csproj", "{803DA1E1-474C-5A53-20F2-451924D4A941}"
EndProject
Project("{FAE04EC0-301F-11D3-BF4B-00C04F79EFBC}") = "ProjectStrapOnDemo.CSharp.Editor", "ProjectStrapOnDemo.CSharp.Editor.csproj", "{F483E55E-4EDA-D0A2-7BBD-097299DB0A57}"
EndProject
Global
	GlobalSection(SolutionConfigurationPlatforms) = preSolution
		Debug|Any CPU = Debug|Any CPU
		Release|Any CPU = Release|Any CPU
	EndGlobalSection
	GlobalSection(ProjectConfigurationPlatforms) = postSolution
		{803DA1E1-474C-5A53-20F2-451924D4A941}.Debug|Any CPU.ActiveCfg = Debug|Any CPU
		{803DA1E1-474C-5A53-20F2-451924D4A941}.Debug|Any CPU.Build.0 = Debug|Any CPU
		{803DA1E1-474C-5A53-20F2-451924D4A941}.Release|Any CPU.ActiveCfg = Release|Any CPU
		{803DA1E1-474C-5A53-20F2-451924D4A941}.Release|Any CPU.Build.0 = Release|Any CPU
		{F483E55E-4EDA-D0A2-7BBD-097299DB0A57}.Debug|Any CPU.ActiveCfg = Debug|Any CPU
		{F483E55E-4EDA-D0A2-7BBD-097299DB0A57}.Debug|Any CPU.Build.0 = Debug|Any CPU
		{F483E55E-4EDA-D0A2-7BBD-097299DB0A57}.Release|Any CPU.ActiveCfg = Release|Any CPU
		{F483E55E-4EDA-D0A2-7BBD-097299DB0A57}.Release|Any CPU.Build.0 = Release|Any CPU
	EndGlobalSection
	GlobalSection(SolutionProperties) = preSolution
		HideSolutionNode = FALSE
	EndGlobalSection
EndGlobal
